
Microsoft Visual Studio Solution File, Format Version 12.00
# Visual Studio Version 16
VisualStudioVersion = 16.0.31129.286
MinimumVisualStudioVersion = 10.0.40219.1
Project("{FAE04EC0-301F-11D3-BF4B-00C04F79EFBC}") = "WebApplication1", "WebApplication1\WebApplication1.csproj", "{1679F54B-2F59-45F4-BB06-9E11B3A8DC23}"
EndProject
Global
	GlobalSection(SolutionConfigurationPlatforms) = preSolution
		Debug|Any CPU = Debug|Any CPU
		Release|Any CPU = Release|Any CPU
	EndGlobalSection
	GlobalSection(ProjectConfigurationPlatforms) = postSolution
		{1679F54B-2F59-45F4-BB06-9E11B3A8DC23}.Debug|Any CPU.ActiveCfg = Debug|Any CPU
		{1679F54B-2F59-45F4-BB06-9E11B3A8DC23}.Debug|Any CPU.Build.0 = Debug|Any CPU
		{1679F54B-2F59-45F4-BB06-9E11B3A8DC23}.Release|Any CPU.ActiveCfg = Release|Any CPU
		{1679F54B-2F59-45F4-BB06-9E11B3A8DC23}.Release|Any CPU.Build.0 = Release|Any CPU
	EndGlobalSection
	GlobalSection(SolutionProperties) = preSolution
		HideSolutionNode = FALSE
	EndGlobalSection
	GlobalSection(ExtensibilityGlobals) = postSolution
		SolutionGuid = {32D39284-2B17-468F-991F-F3A8C4BF16EB}
	EndGlobalSection
EndGlobal
